
Microsoft Visual Studio Solution File, Format Version 12.00
# Visual Studio Version 17
VisualStudioVersion = 17.8.34511.84
MinimumVisualStudioVersion = 10.0.40219.1
Project("{FAE04EC0-301F-11D3-BF4B-00C04F79EFBC}") = "poleznoe", "poleznoe\poleznoe.csproj", "{1E4BF71F-2B43-458C-B0E7-9A687B7F3ADD}"
EndProject
Global
	GlobalSection(SolutionConfigurationPlatforms) = preSolution
		Debug|Any CPU = Debug|Any CPU
		Release|Any CPU = Release|Any CPU
	EndGlobalSection
	GlobalSection(ProjectConfigurationPlatforms) = postSolution
		{1E4BF71F-2B43-458C-B0E7-9A687B7F3ADD}.Debug|Any CPU.ActiveCfg = Debug|Any CPU
		{1E4BF71F-2B43-458C-B0E7-9A687B7F3ADD}.Debug|Any CPU.Build.0 = Debug|Any CPU
		{1E4BF71F-2B43-458C-B0E7-9A687B7F3ADD}.Release|Any CPU.ActiveCfg = Release|Any CPU
		{1E4BF71F-2B43-458C-B0E7-9A687B7F3ADD}.Release|Any CPU.Build.0 = Release|Any CPU
	EndGlobalSection
	GlobalSection(SolutionProperties) = preSolution
		HideSolutionNode = FALSE
	EndGlobalSection
	GlobalSection(ExtensibilityGlobals) = postSolution
		SolutionGuid = {48C72555-DCC1-456F-A7DF-31C7AB51A307}
	EndGlobalSection
EndGlobal
